
Microsoft Visual Studio Solution File, Format Version 12.00
Project("{FAE04EC0-301F-11D3-BF4B-00C04F79EFBC}") = "Common.Lib", "src\Common.Lib\Common.Lib.csproj", "{3474A8E0-6021-4B71-B0A5-71244C09AEE7}"
EndProject
Project("{FAE04EC0-301F-11D3-BF4B-00C04F79EFBC}") = "Common.FreeSql", "src\Common.FreeSql\Common.FreeSql.csproj", "{3E6C8099-25E2-4E16-9DCA-3A60DF269123}"
EndProject
Project("{FAE04EC0-301F-11D3-BF4B-00C04F79EFBC}") = "Common.Redis", "src\Common.Redis\Common.Redis.csproj", "{F5E91060-31C5-419D-9FCB-60714B3FD302}"
EndProject
Project("{FAE04EC0-301F-11D3-BF4B-00C04F79EFBC}") = "Common.Mvvm", "src\Common.Mvvm\Common.Mvvm.csproj", "{0700309C-1E2A-42BF-BC60-9C5D42663ACB}"
EndProject
Project("{FAE04EC0-301F-11D3-BF4B-00C04F79EFBC}") = "Common.Avalonia", "Common.Avalonia\Common.Avalonia.csproj", "{2FF2B158-49D2-445B-A84A-4FFF1B7C02C4}"
EndProject
Project("{FAE04EC0-301F-11D3-BF4B-00C04F79EFBC}") = "Common.Plugin", "src\Common.Plugin\Common.Plugin.csproj", "{7C66FE53-196C-45AC-8A60-BF499EC37AC5}"
EndProject
Project("{FAE04EC0-301F-11D3-BF4B-00C04F79EFBC}") = "Common.Plugin.Avalonia", "Common.Plugin.Avalonia\Common.Plugin.Avalonia.csproj", "{927B7DCF-BC34-47EB-9234-99FF785904F0}"
EndProject
Global
	GlobalSection(SolutionConfigurationPlatforms) = preSolution
		Debug|Any CPU = Debug|Any CPU
		Release|Any CPU = Release|Any CPU
	EndGlobalSection
	GlobalSection(ProjectConfigurationPlatforms) = postSolution
		{3474A8E0-6021-4B71-B0A5-71244C09AEE7}.Debug|Any CPU.ActiveCfg = Debug|Any CPU
		{3474A8E0-6021-4B71-B0A5-71244C09AEE7}.Debug|Any CPU.Build.0 = Debug|Any CPU
		{3474A8E0-6021-4B71-B0A5-71244C09AEE7}.Release|Any CPU.ActiveCfg = Release|Any CPU
		{3474A8E0-6021-4B71-B0A5-71244C09AEE7}.Release|Any CPU.Build.0 = Release|Any CPU
		{3E6C8099-25E2-4E16-9DCA-3A60DF269123}.Debug|Any CPU.ActiveCfg = Debug|Any CPU
		{3E6C8099-25E2-4E16-9DCA-3A60DF269123}.Debug|Any CPU.Build.0 = Debug|Any CPU
		{3E6C8099-25E2-4E16-9DCA-3A60DF269123}.Release|Any CPU.ActiveCfg = Release|Any CPU
		{3E6C8099-25E2-4E16-9DCA-3A60DF269123}.Release|Any CPU.Build.0 = Release|Any CPU
		{F5E91060-31C5-419D-9FCB-60714B3FD302}.Debug|Any CPU.ActiveCfg = Debug|Any CPU
		{F5E91060-31C5-419D-9FCB-60714B3FD302}.Debug|Any CPU.Build.0 = Debug|Any CPU
		{F5E91060-31C5-419D-9FCB-60714B3FD302}.Release|Any CPU.ActiveCfg = Release|Any CPU
		{F5E91060-31C5-419D-9FCB-60714B3FD302}.Release|Any CPU.Build.0 = Release|Any CPU
		{0700309C-1E2A-42BF-BC60-9C5D42663ACB}.Debug|Any CPU.ActiveCfg = Debug|Any CPU
		{0700309C-1E2A-42BF-BC60-9C5D42663ACB}.Debug|Any CPU.Build.0 = Debug|Any CPU
		{0700309C-1E2A-42BF-BC60-9C5D42663ACB}.Release|Any CPU.ActiveCfg = Release|Any CPU
		{0700309C-1E2A-42BF-BC60-9C5D42663ACB}.Release|Any CPU.Build.0 = Release|Any CPU
		{2FF2B158-49D2-445B-A84A-4FFF1B7C02C4}.Debug|Any CPU.ActiveCfg = Debug|Any CPU
		{2FF2B158-49D2-445B-A84A-4FFF1B7C02C4}.Debug|Any CPU.Build.0 = Debug|Any CPU
		{2FF2B158-49D2-445B-A84A-4FFF1B7C02C4}.Release|Any CPU.ActiveCfg = Release|Any CPU
		{2FF2B158-49D2-445B-A84A-4FFF1B7C02C4}.Release|Any CPU.Build.0 = Release|Any CPU
		{7C66FE53-196C-45AC-8A60-BF499EC37AC5}.Debug|Any CPU.ActiveCfg = Debug|Any CPU
		{7C66FE53-196C-45AC-8A60-BF499EC37AC5}.Debug|Any CPU.Build.0 = Debug|Any CPU
		{7C66FE53-196C-45AC-8A60-BF499EC37AC5}.Release|Any CPU.ActiveCfg = Release|Any CPU
		{7C66FE53-196C-45AC-8A60-BF499EC37AC5}.Release|Any CPU.Build.0 = Release|Any CPU
		{927B7DCF-BC34-47EB-9234-99FF785904F0}.Debug|Any CPU.ActiveCfg = Debug|Any CPU
		{927B7DCF-BC34-47EB-9234-99FF785904F0}.Debug|Any CPU.Build.0 = Debug|Any CPU
		{927B7DCF-BC34-47EB-9234-99FF785904F0}.Release|Any CPU.ActiveCfg = Release|Any CPU
		{927B7DCF-BC34-47EB-9234-99FF785904F0}.Release|Any CPU.Build.0 = Release|Any CPU
	EndGlobalSection
EndGlobal
